
Microsoft Visual Studio Solution File, Format Version 12.00
# Visual Studio 2013
VisualStudioVersion = 12.0.30501.0
MinimumVisualStudioVersion = 10.0.40219.1
Project("{FAE04EC0-301F-11D3-BF4B-00C04F79EFBC}") = "Cmd", "Cmd\Cmd.csproj", "{99187E44-6CFD-4E68-9D13-8C3633DE275A}"
EndProject
Project("{2150E333-8FDC-42A3-9474-1A3956D46DE8}") = "Solution Items", "Solution Items", "{4291A28F-40A0-40E3-AFC1-AE368F4E375E}"
	ProjectSection(SolutionItems) = preProject
		Core\base.js = Core\base.js
		Core\events.js = Core\events.js
		Core\outputParser.js = Core\outputParser.js
		Core\player.js = Core\player.js
		Core\runtimeVariables.js = Core\runtimeVariables.js
		Core\tellraw.js = Core\tellraw.js
		Core\tilenames.js = Core\tilenames.js
		Core\util.js = Core\util.js
		Core\vanillaCommands.js = Core\vanillaCommands.js
	EndProjectSection
EndProject
Project("{FAE04EC0-301F-11D3-BF4B-00C04F79EFBC}") = "ServerWrapper", "ServerWrapper\ServerWrapper.csproj", "{445B2616-CF1E-4B20-B283-D183F787B0A2}"
EndProject
Project("{FAE04EC0-301F-11D3-BF4B-00C04F79EFBC}") = "GUI", "GUI\GUI.csproj", "{FCDB301D-B8E9-486D-BB14-95EE8D0776ED}"
EndProject
Project("{2150E333-8FDC-42A3-9474-1A3956D46DE8}") = "TypeScript Source", "TypeScript Source", "{CC21623E-5062-4395-B7DB-E10BFBE66189}"
	ProjectSection(SolutionItems) = preProject
		Core\base.ts = Core\base.ts
		Core\events.ts = Core\events.ts
		Core\outputParser.ts = Core\outputParser.ts
		Core\player.ts = Core\player.ts
		Core\runtimeVariables.ts = Core\runtimeVariables.ts
		Core\tellraw.ts = Core\tellraw.ts
		Core\test.ts = Core\test.ts
		Core\tilenames.ts = Core\tilenames.ts
		Core\util.ts = Core\util.ts
		Core\vanillaCommands.ts = Core\vanillaCommands.ts
	EndProjectSection
EndProject
Project("{2150E333-8FDC-42A3-9474-1A3956D46DE8}") = "Example", "Example", "{B43733F6-14BE-4D9F-91C2-BD20B324E764}"
	ProjectSection(SolutionItems) = preProject
		Core\Example\example.ts = Core\Example\example.ts
	EndProjectSection
EndProject
Project("{FAE04EC0-301F-11D3-BF4B-00C04F79EFBC}") = "Debugger", "Debugger\Debugger.csproj", "{9B283186-BAA8-406C-8800-78DF1CD25B48}"
EndProject
Global
	GlobalSection(SolutionConfigurationPlatforms) = preSolution
		Debug|Any CPU = Debug|Any CPU
		Debug|Mixed Platforms = Debug|Mixed Platforms
		Debug|x86 = Debug|x86
		Release|Any CPU = Release|Any CPU
		Release|Mixed Platforms = Release|Mixed Platforms
		Release|x86 = Release|x86
	EndGlobalSection
	GlobalSection(ProjectConfigurationPlatforms) = postSolution
		{99187E44-6CFD-4E68-9D13-8C3633DE275A}.Debug|Any CPU.ActiveCfg = Debug|x86
		{99187E44-6CFD-4E68-9D13-8C3633DE275A}.Debug|Mixed Platforms.ActiveCfg = Debug|x86
		{99187E44-6CFD-4E68-9D13-8C3633DE275A}.Debug|Mixed Platforms.Build.0 = Debug|x86
		{99187E44-6CFD-4E68-9D13-8C3633DE275A}.Debug|x86.ActiveCfg = Debug|x86
		{99187E44-6CFD-4E68-9D13-8C3633DE275A}.Debug|x86.Build.0 = Debug|x86
		{99187E44-6CFD-4E68-9D13-8C3633DE275A}.Release|Any CPU.ActiveCfg = Release|x86
		{99187E44-6CFD-4E68-9D13-8C3633DE275A}.Release|Mixed Platforms.ActiveCfg = Release|x86
		{99187E44-6CFD-4E68-9D13-8C3633DE275A}.Release|Mixed Platforms.Build.0 = Release|x86
		{99187E44-6CFD-4E68-9D13-8C3633DE275A}.Release|x86.ActiveCfg = Release|x86
		{99187E44-6CFD-4E68-9D13-8C3633DE275A}.Release|x86.Build.0 = Release|x86
		{445B2616-CF1E-4B20-B283-D183F787B0A2}.Debug|Any CPU.ActiveCfg = Debug|x86
		{445B2616-CF1E-4B20-B283-D183F787B0A2}.Debug|Mixed Platforms.ActiveCfg = Debug|x86
		{445B2616-CF1E-4B20-B283-D183F787B0A2}.Debug|Mixed Platforms.Build.0 = Debug|x86
		{445B2616-CF1E-4B20-B283-D183F787B0A2}.Debug|x86.ActiveCfg = Debug|x86
		{445B2616-CF1E-4B20-B283-D183F787B0A2}.Debug|x86.Build.0 = Debug|x86
		{445B2616-CF1E-4B20-B283-D183F787B0A2}.Release|Any CPU.ActiveCfg = Release|x86
		{445B2616-CF1E-4B20-B283-D183F787B0A2}.Release|Mixed Platforms.ActiveCfg = Release|x86
		{445B2616-CF1E-4B20-B283-D183F787B0A2}.Release|Mixed Platforms.Build.0 = Release|x86
		{445B2616-CF1E-4B20-B283-D183F787B0A2}.Release|x86.ActiveCfg = Release|x86
		{445B2616-CF1E-4B20-B283-D183F787B0A2}.Release|x86.Build.0 = Release|x86
		{FCDB301D-B8E9-486D-BB14-95EE8D0776ED}.Debug|Any CPU.ActiveCfg = Debug|Any CPU
		{FCDB301D-B8E9-486D-BB14-95EE8D0776ED}.Debug|Any CPU.Build.0 = Debug|Any CPU
		{FCDB301D-B8E9-486D-BB14-95EE8D0776ED}.Debug|Mixed Platforms.ActiveCfg = Debug|Any CPU
		{FCDB301D-B8E9-486D-BB14-95EE8D0776ED}.Debug|Mixed Platforms.Build.0 = Debug|Any CPU
		{FCDB301D-B8E9-486D-BB14-95EE8D0776ED}.Debug|x86.ActiveCfg = Debug|Any CPU
		{FCDB301D-B8E9-486D-BB14-95EE8D0776ED}.Release|Any CPU.ActiveCfg = Release|Any CPU
		{FCDB301D-B8E9-486D-BB14-95EE8D0776ED}.Release|Any CPU.Build.0 = Release|Any CPU
		{FCDB301D-B8E9-486D-BB14-95EE8D0776ED}.Release|Mixed Platforms.ActiveCfg = Release|Any CPU
		{FCDB301D-B8E9-486D-BB14-95EE8D0776ED}.Release|Mixed Platforms.Build.0 = Release|Any CPU
		{FCDB301D-B8E9-486D-BB14-95EE8D0776ED}.Release|x86.ActiveCfg = Release|Any CPU
		{9B283186-BAA8-406C-8800-78DF1CD25B48}.Debug|Any CPU.ActiveCfg = Debug|Any CPU
		{9B283186-BAA8-406C-8800-78DF1CD25B48}.Debug|Any CPU.Build.0 = Debug|Any CPU
		{9B283186-BAA8-406C-8800-78DF1CD25B48}.Debug|Mixed Platforms.ActiveCfg = Debug|Any CPU
		{9B283186-BAA8-406C-8800-78DF1CD25B48}.Debug|Mixed Platforms.Build.0 = Debug|Any CPU
		{9B283186-BAA8-406C-8800-78DF1CD25B48}.Debug|x86.ActiveCfg = Debug|Any CPU
		{9B283186-BAA8-406C-8800-78DF1CD25B48}.Release|Any CPU.ActiveCfg = Release|Any CPU
		{9B283186-BAA8-406C-8800-78DF1CD25B48}.Release|Any CPU.Build.0 = Release|Any CPU
		{9B283186-BAA8-406C-8800-78DF1CD25B48}.Release|Mixed Platforms.ActiveCfg = Release|Any CPU
		{9B283186-BAA8-406C-8800-78DF1CD25B48}.Release|Mixed Platforms.Build.0 = Release|Any CPU
		{9B283186-BAA8-406C-8800-78DF1CD25B48}.Release|x86.ActiveCfg = Release|Any CPU
	EndGlobalSection
	GlobalSection(SolutionProperties) = preSolution
		HideSolutionNode = FALSE
	EndGlobalSection
	GlobalSection(NestedProjects) = preSolution
		{B43733F6-14BE-4D9F-91C2-BD20B324E764} = {CC21623E-5062-4395-B7DB-E10BFBE66189}
	EndGlobalSection
	GlobalSection(MonoDevelopProperties) = preSolution
		StartupItem = ServerWrapper\ServerWrapper.csproj
	EndGlobalSection
EndGlobal
